
Microsoft Visual Studio Solution File, Format Version 12.00
# Visual Studio 15
VisualStudioVersion = 15.0.27130.2027
MinimumVisualStudioVersion = 10.0.40219.1
Project("{FAE04EC0-301F-11D3-BF4B-00C04F79EFBC}") = "Clinica_Vet_Joana", "Clinica_Vet_Joana\Clinica_Vet_Joana.csproj", "{9914C627-31ED-4F9D-B1F1-8ED1EDB7B170}"
EndProject
Project("{FAE04EC0-301F-11D3-BF4B-00C04F79EFBC}") = "Estrutura_Clinica", "Estrutura_Clinica\Estrutura_Clinica.csproj", "{97B38A9C-6203-45C6-BF65-60529F31AC43}"
EndProject
Global
	GlobalSection(SolutionConfigurationPlatforms) = preSolution
		Debug|Any CPU = Debug|Any CPU
		Release|Any CPU = Release|Any CPU
	EndGlobalSection
	GlobalSection(ProjectConfigurationPlatforms) = postSolution
		{9914C627-31ED-4F9D-B1F1-8ED1EDB7B170}.Debug|Any CPU.ActiveCfg = Debug|Any CPU
		{9914C627-31ED-4F9D-B1F1-8ED1EDB7B170}.Debug|Any CPU.Build.0 = Debug|Any CPU
		{9914C627-31ED-4F9D-B1F1-8ED1EDB7B170}.Release|Any CPU.ActiveCfg = Release|Any CPU
		{9914C627-31ED-4F9D-B1F1-8ED1EDB7B170}.Release|Any CPU.Build.0 = Release|Any CPU
		{97B38A9C-6203-45C6-BF65-60529F31AC43}.Debug|Any CPU.ActiveCfg = Debug|Any CPU
		{97B38A9C-6203-45C6-BF65-60529F31AC43}.Debug|Any CPU.Build.0 = Debug|Any CPU
		{97B38A9C-6203-45C6-BF65-60529F31AC43}.Release|Any CPU.ActiveCfg = Release|Any CPU
		{97B38A9C-6203-45C6-BF65-60529F31AC43}.Release|Any CPU.Build.0 = Release|Any CPU
	EndGlobalSection
	GlobalSection(SolutionProperties) = preSolution
		HideSolutionNode = FALSE
	EndGlobalSection
	GlobalSection(ExtensibilityGlobals) = postSolution
		SolutionGuid = {0F4E86A3-C80E-4C61-8869-A1F098C174B1}
	EndGlobalSection
EndGlobal
